
Microsoft Visual Studio Solution File, Format Version 12.00
# Visual Studio Version 17
VisualStudioVersion = 17.14.37012.4 d17.14
MinimumVisualStudioVersion = 10.0.40219.1
Project("{FAE04EC0-301F-11D3-BF4B-00C04F79EFBC}") = "Task4", "Task4\Task4.csproj", "{BB96D742-FC47-4655-AD6B-C6AAB95086C6}"
EndProject
Global
	GlobalSection(SolutionConfigurationPlatforms) = preSolution
		Debug|Any CPU = Debug|Any CPU
		Release|Any CPU = Release|Any CPU
	EndGlobalSection
	GlobalSection(ProjectConfigurationPlatforms) = postSolution
		{BB96D742-FC47-4655-AD6B-C6AAB95086C6}.Debug|Any CPU.ActiveCfg = Debug|Any CPU
		{BB96D742-FC47-4655-AD6B-C6AAB95086C6}.Debug|Any CPU.Build.0 = Debug|Any CPU
		{BB96D742-FC47-4655-AD6B-C6AAB95086C6}.Release|Any CPU.ActiveCfg = Release|Any CPU
		{BB96D742-FC47-4655-AD6B-C6AAB95086C6}.Release|Any CPU.Build.0 = Release|Any CPU
	EndGlobalSection
	GlobalSection(SolutionProperties) = preSolution
		HideSolutionNode = FALSE
	EndGlobalSection
	GlobalSection(ExtensibilityGlobals) = postSolution
		SolutionGuid = {67B27F83-57D9-479A-AF15-288B5BD77657}
	EndGlobalSection
EndGlobal
